Microsoft Visual Studio Solution File, Format Version 12.00
# Visual Studio Version 17
VisualStudioVersion = 17.5.2.0
MinimumVisualStudioVersion = 10.0.40219.1
Project("{FAE04EC0-301F-11D3-BF4B-00C04F79EFBC}") = "Encap", "Encap.csproj", "{F764E13C-A419-A13E-0330-D27E6DC85D3B}"
EndProject
Global
	GlobalSection(SolutionConfigurationPlatforms) = preSolution
		Debug|Any CPU = Debug|Any CPU
		Release|Any CPU = Release|Any CPU
	EndGlobalSection
	GlobalSection(ProjectConfigurationPlatforms) = postSolution
		{F764E13C-A419-A13E-0330-D27E6DC85D3B}.Debug|Any CPU.ActiveCfg = Debug|Any CPU
		{F764E13C-A419-A13E-0330-D27E6DC85D3B}.Debug|Any CPU.Build.0 = Debug|Any CPU
		{F764E13C-A419-A13E-0330-D27E6DC85D3B}.Release|Any CPU.ActiveCfg = Release|Any CPU
		{F764E13C-A419-A13E-0330-D27E6DC85D3B}.Release|Any CPU.Build.0 = Release|Any CPU
	EndGlobalSection
	GlobalSection(SolutionProperties) = preSolution
		HideSolutionNode = FALSE
	EndGlobalSection
	GlobalSection(ExtensibilityGlobals) = postSolution
		SolutionGuid = {C101C3DA-6E3A-4C95-9F6D-35803B96B303}
	EndGlobalSection
EndGlobal
