Microsoft Visual Studio Solution File, Format Version 12.00
# Visual Studio Version 17
VisualStudioVersion = 17.5.2.0
MinimumVisualStudioVersion = 10.0.40219.1
Project("{FAE04EC0-301F-11D3-BF4B-00C04F79EFBC}") = "Delegateclass", "Delegateclass\Delegateclass.csproj", "{69BD5F27-7378-2DC2-219E-331D96779024}"
EndProject
Global
	GlobalSection(SolutionConfigurationPlatforms) = preSolution
		Debug|Any CPU = Debug|Any CPU
		Release|Any CPU = Release|Any CPU
	EndGlobalSection
	GlobalSection(ProjectConfigurationPlatforms) = postSolution
		{69BD5F27-7378-2DC2-219E-331D96779024}.Debug|Any CPU.ActiveCfg = Debug|Any CPU
		{69BD5F27-7378-2DC2-219E-331D96779024}.Debug|Any CPU.Build.0 = Debug|Any CPU
		{69BD5F27-7378-2DC2-219E-331D96779024}.Release|Any CPU.ActiveCfg = Release|Any CPU
		{69BD5F27-7378-2DC2-219E-331D96779024}.Release|Any CPU.Build.0 = Release|Any CPU
	EndGlobalSection
	GlobalSection(SolutionProperties) = preSolution
		HideSolutionNode = FALSE
	EndGlobalSection
	GlobalSection(ExtensibilityGlobals) = postSolution
		SolutionGuid = {204A2357-C57D-4276-A6D0-05A7D8DFCCD4}
	EndGlobalSection
EndGlobal
