Microsoft Visual Studio Solution File, Format Version 12.00
# Visual Studio Version 17
VisualStudioVersion = 17.5.2.0
MinimumVisualStudioVersion = 10.0.40219.1
Project("{FAE04EC0-301F-11D3-BF4B-00C04F79EFBC}") = "Ormconsole", "Ormconsole.csproj", "{F20397E9-32EC-5BE6-F90E-795B1CDE891B}"
EndProject
Global
	GlobalSection(SolutionConfigurationPlatforms) = preSolution
		Debug|Any CPU = Debug|Any CPU
		Release|Any CPU = Release|Any CPU
	EndGlobalSection
	GlobalSection(ProjectConfigurationPlatforms) = postSolution
		{F20397E9-32EC-5BE6-F90E-795B1CDE891B}.Debug|Any CPU.ActiveCfg = Debug|Any CPU
		{F20397E9-32EC-5BE6-F90E-795B1CDE891B}.Debug|Any CPU.Build.0 = Debug|Any CPU
		{F20397E9-32EC-5BE6-F90E-795B1CDE891B}.Release|Any CPU.ActiveCfg = Release|Any CPU
		{F20397E9-32EC-5BE6-F90E-795B1CDE891B}.Release|Any CPU.Build.0 = Release|Any CPU
	EndGlobalSection
	GlobalSection(SolutionProperties) = preSolution
		HideSolutionNode = FALSE
	EndGlobalSection
	GlobalSection(ExtensibilityGlobals) = postSolution
		SolutionGuid = {A2164739-E885-4112-B48F-FA24A59A25C8}
	EndGlobalSection
EndGlobal
