Microsoft Visual Studio Solution File, Format Version 12.00
# Visual Studio Version 17
VisualStudioVersion = 17.5.2.0
MinimumVisualStudioVersion = 10.0.40219.1
Project("{FAE04EC0-301F-11D3-BF4B-00C04F79EFBC}") = "moq", "moq\moq.csproj", "{0A091DA2-CEFD-FB92-6264-74D5841F3AB8}"
EndProject
Global
	GlobalSection(SolutionConfigurationPlatforms) = preSolution
		Debug|Any CPU = Debug|Any CPU
		Release|Any CPU = Release|Any CPU
	EndGlobalSection
	GlobalSection(ProjectConfigurationPlatforms) = postSolution
		{0A091DA2-CEFD-FB92-6264-74D5841F3AB8}.Debug|Any CPU.ActiveCfg = Debug|Any CPU
		{0A091DA2-CEFD-FB92-6264-74D5841F3AB8}.Debug|Any CPU.Build.0 = Debug|Any CPU
		{0A091DA2-CEFD-FB92-6264-74D5841F3AB8}.Release|Any CPU.ActiveCfg = Release|Any CPU
		{0A091DA2-CEFD-FB92-6264-74D5841F3AB8}.Release|Any CPU.Build.0 = Release|Any CPU
	EndGlobalSection
	GlobalSection(SolutionProperties) = preSolution
		HideSolutionNode = FALSE
	EndGlobalSection
	GlobalSection(ExtensibilityGlobals) = postSolution
		SolutionGuid = {9E35A9FD-FCD3-4C52-BAF0-FACCA252A1DB}
	EndGlobalSection
EndGlobal
